
Microsoft Visual Studio Solution File, Format Version 12.00
# Visual Studio Version 17
VisualStudioVersion = 17.7.34031.279
MinimumVisualStudioVersion = 10.0.40219.1
Project("{9A19103F-16F7-4668-BE54-9A1E7A4F7556}") = "Triggers", "Triggers.csproj", "{F4724DBD-E6C2-4FB7-BFAB-275022E5B54F}"
EndProject
Project("{9A19103F-16F7-4668-BE54-9A1E7A4F7556}") = "GlsAPI", "API\GlsAPI\GlsAPI.csproj", "{E9B26E6A-90B4-4091-BF35-2153CA3A286C}"
EndProject
Project("{FAE04EC0-301F-11D3-BF4B-00C04F79EFBC}") = "MojaDrukarka", "MojaDrukarka\MojaDrukarka.csproj", "{06FD4627-F4C1-4D6C-AE8B-1C5CD50F3467}"
EndProject
Global
	GlobalSection(SolutionConfigurationPlatforms) = preSolution
		Debug|Any CPU = Debug|Any CPU
		Release|Any CPU = Release|Any CPU
	EndGlobalSection
	GlobalSection(ProjectConfigurationPlatforms) = postSolution
		{F4724DBD-E6C2-4FB7-BFAB-275022E5B54F}.Debug|Any CPU.ActiveCfg = Debug|Any CPU
		{F4724DBD-E6C2-4FB7-BFAB-275022E5B54F}.Debug|Any CPU.Build.0 = Debug|Any CPU
		{F4724DBD-E6C2-4FB7-BFAB-275022E5B54F}.Release|Any CPU.ActiveCfg = Release|Any CPU
		{F4724DBD-E6C2-4FB7-BFAB-275022E5B54F}.Release|Any CPU.Build.0 = Release|Any CPU
		{E9B26E6A-90B4-4091-BF35-2153CA3A286C}.Debug|Any CPU.ActiveCfg = Debug|Any CPU
		{E9B26E6A-90B4-4091-BF35-2153CA3A286C}.Debug|Any CPU.Build.0 = Debug|Any CPU
		{E9B26E6A-90B4-4091-BF35-2153CA3A286C}.Release|Any CPU.ActiveCfg = Release|Any CPU
		{E9B26E6A-90B4-4091-BF35-2153CA3A286C}.Release|Any CPU.Build.0 = Release|Any CPU
		{06FD4627-F4C1-4D6C-AE8B-1C5CD50F3467}.Debug|Any CPU.ActiveCfg = Debug|Any CPU
		{06FD4627-F4C1-4D6C-AE8B-1C5CD50F3467}.Debug|Any CPU.Build.0 = Debug|Any CPU
		{06FD4627-F4C1-4D6C-AE8B-1C5CD50F3467}.Release|Any CPU.ActiveCfg = Release|Any CPU
		{06FD4627-F4C1-4D6C-AE8B-1C5CD50F3467}.Release|Any CPU.Build.0 = Release|Any CPU
	EndGlobalSection
	GlobalSection(SolutionProperties) = preSolution
		HideSolutionNode = FALSE
	EndGlobalSection
	GlobalSection(ExtensibilityGlobals) = postSolution
		SolutionGuid = {1F424378-EDCF-4FBE-8360-E8DEA256A996}
	EndGlobalSection
EndGlobal
